
Microsoft Visual Studio Solution File, Format Version 12.00
Project("{FAE04EC0-301F-11D3-BF4B-00C04F79EFBC}") = "EmailLibrary", "EmailLibrary\EmailLibrary.csproj", "{C508262A-B4FC-4766-9971-9D7FC4EA6B97}"
EndProject
Project("{FAE04EC0-301F-11D3-BF4B-00C04F79EFBC}") = "EmailLibraryTestProject", "EmailLibraryTestProject\EmailLibraryTestProject.csproj", "{F9BEADAD-EF77-4C1D-808B-1C8C22DA81B0}"
EndProject
Global
	GlobalSection(SolutionConfigurationPlatforms) = preSolution
		Debug|Any CPU = Debug|Any CPU
		Release|Any CPU = Release|Any CPU
	EndGlobalSection
	GlobalSection(ProjectConfigurationPlatforms) = postSolution
		{C508262A-B4FC-4766-9971-9D7FC4EA6B97}.Debug|Any CPU.ActiveCfg = Debug|Any CPU
		{C508262A-B4FC-4766-9971-9D7FC4EA6B97}.Debug|Any CPU.Build.0 = Debug|Any CPU
		{C508262A-B4FC-4766-9971-9D7FC4EA6B97}.Release|Any CPU.ActiveCfg = Release|Any CPU
		{C508262A-B4FC-4766-9971-9D7FC4EA6B97}.Release|Any CPU.Build.0 = Release|Any CPU
		{F9BEADAD-EF77-4C1D-808B-1C8C22DA81B0}.Debug|Any CPU.ActiveCfg = Debug|Any CPU
		{F9BEADAD-EF77-4C1D-808B-1C8C22DA81B0}.Debug|Any CPU.Build.0 = Debug|Any CPU
		{F9BEADAD-EF77-4C1D-808B-1C8C22DA81B0}.Release|Any CPU.ActiveCfg = Release|Any CPU
		{F9BEADAD-EF77-4C1D-808B-1C8C22DA81B0}.Release|Any CPU.Build.0 = Release|Any CPU
	EndGlobalSection
EndGlobal
